// !$*UTF8*$!
{
	archiveVersion = 1;
	classes = {
	};
	objectVersion = 55;
	objects = {

/* Begin PBXBuildFile section */
		F1C2BB0A287B3FEC004E6FA4 /* RestartApp.swift in Sources */ = {isa = PBXBuildFile; fileRef = F1C2BB09287B3FEC004E6FA4 /* RestartApp.swift */; };
		F1C2BB0C287B3FEC004E6FA4 /* ContentView.swift in Sources */ = {isa = PBXBuildFile; fileRef = F1C2BB0B287B3FEC004E6FA4 /* ContentView.swift */; };
		F1C2BB0E287B3FEE004E6FA4 /* Assets.xcassets in Resources */ = {isa = PBXBuildFile; fileRef = F1C2BB0D287B3FEE004E6FA4 /* Assets.xcassets */; };
		F1C2BB11287B3FEE004E6FA4 /* Preview Assets.xcassets in Resources */ = {isa = PBXBuildFile; fileRef = F1C2BB10287B3FEE004E6FA4 /* Preview Assets.xcassets */; };
		F1C2BB1B287B3FEE004E6FA4 /* RestartTests.swift in Sources */ = {isa = PBXBuildFile; fileRef = F1C2BB1A287B3FEE004E6FA4 /* RestartTests.swift */; };
		F1C2BB25287B3FEE004E6FA4 /* RestartUITests.swift in Sources */ = {isa = PBXBuildFile; fileRef = F1C2BB24287B3FEE004E6FA4 /* RestartUITests.swift */; };
		F1C2BB27287B3FEE004E6FA4 /* RestartUITestsLaunchTests.swift in Sources */ = {isa = PBXBuildFile; fileRef = F1C2BB26287B3FEE004E6FA4 /* RestartUITestsLaunchTests.swift */; };
/* End PBXBuildFile section */

/* Begin PBXContainerItemProxy section */
		F1C2BB17287B3FEE004E6FA4 /* PBXContainerItemProxy */ = {
			isa = PBXContainerItemProxy;
			containerPortal = F1C2BAFE287B3FEC004E6FA4 /* Project object */;
			proxyType = 1;
			remoteGlobalIDString = F1C2BB05287B3FEC004E6FA4;
			remoteInfo = Restart;
		};
		F1C2BB21287B3FEE004E6FA4 /* PBXContainerItemProxy */ = {
			isa = PBXContainerItemProxy;
			containerPortal = F1C2BAFE287B3FEC004E6FA4 /* Project object */;
			proxyType = 1;
			remoteGlobalIDString = F1C2BB05287B3FEC004E6FA4;
			remoteInfo = Restart;
		};
/* End PBXContainerItemProxy section */

/* Begin PBXFileReference section */
		F1C2BB06287B3FEC004E6FA4 /* Restart.app */ = {isa = PBXFileReference; explicitFileType = wrapper.application; includeInIndex = 0; path = Restart.app; sourceTree = BUILT_PRODUCTS_DIR; };
		F1C2BB09287B3FEC004E6FA4 /* RestartApp.swift */ = {isa = PBXFileReference; lastKnownFileType = sourcecode.swift; path = RestartApp.swift; sourceTree = "<group>"; };
		F1C2BB0B287B3FEC004E6FA4 /* ContentView.swift */ = {isa = PBXFileReference; lastKnownFileType = sourcecode.swift; path = ContentView.swift; sourceTree = "<group>"; };
		F1C2BB0D287B3FEE004E6FA4 /* Assets.xcassets */ = {isa = PBXFileReference; lastKnownFileType = folder.assetcatalog; path = Assets.xcassets; sourceTree = "<group>"; };
		F1C2BB10287B3FEE004E6FA4 /* Preview Assets.xcassets */ = {isa = PBXFileReference; lastKnownFileType = folder.assetcatalog; path = "Preview Assets.xcassets"; sourceTree = "<group>"; };
		F1C2BB16287B3FEE004E6FA4 /* RestartTests.xctest */ = {isa = PBXFileReference; explicitFileType = wrapper.cfbundle; includeInIndex = 0; path = RestartTests.xctest; sourceTree = BUILT_PRODUCTS_DIR; };
		F1C2BB1A287B3FEE004E6FA4 /* RestartTests.swift */ = {isa = PBXFileReference; lastKnownFileType = sourcecode.swift; path = RestartTests.swift; sourceTree = "<group>"; };
		F1C2BB20287B3FEE004E6FA4 /* RestartUITests.xctest */ = {isa = PBXFileReference; explicitFileType = wrapper.cfbundle; includeInIndex = 0; path = RestartUITests.xctest; sourceTree = BUILT_PRODUCTS_DIR; };
		F1C2BB24287B3FEE004E6FA4 /* RestartUITests.swift */ = {isa = PBXFileReference; lastKnownFileType = sourcecode.swift; path = RestartUITests.swift; sourceTree = "<group>"; };
		F1C2BB26287B3FEE004E6FA4 /* RestartUITestsLaunchTests.swift */ = {isa = PBXFileReference; lastKnownFileType = sourcecode.swift; path = RestartUITestsLaunchTests.swift; sourceTree = "<group>"; };
/* End PBXFileReference section */

/* Begin PBXFrameworksBuildPhase section */
		F1C2BB03287B3FEC004E6FA4 /* Frameworks */ = {
			isa = PBXFrameworksBuildPhase;
			buildActionMask = 2147483647;
			files = (
			);
			runOnlyForDeploymentPostprocessing = 0;
		};
		F1C2BB13287B3FEE004E6FA4 /* Frameworks */ = {
			isa = PBXFrameworksBuildPhase;
			buildActionMask = 2147483647;
			files = (
			);
			runOnlyForDeploymentPostprocessing = 0;
		};
		F1C2BB1D287B3FEE004E6FA4 /* Frameworks */ = {
			isa = PBXFrameworksBuildPhase;
			buildActionMask = 2147483647;
			files = (
			);
			runOnlyForDeploymentPostprocessing = 0;
		};
/* End PBXFrameworksBuildPhase section */

/* Begin PBXGroup section */
		F1C2BAFD287B3FEC004E6FA4 = {
			isa = PBXGroup;
			children = (
				F1C2BB08287B3FEC004E6FA4 /* Restart */,
				F1C2BB19287B3FEE004E6FA4 /* RestartTests */,
				F1C2BB23287B3FEE004E6FA4 /* RestartUITests */,
				F1C2BB07287B3FEC004E6FA4 /* Products */,
			);
			sourceTree = "<group>";
		};
		F1C2BB07287B3FEC004E6FA4 /* Products */ = {
			isa = PBXGroup;
			children = (
				F1C2BB06287B3FEC004E6FA4 /* Restart.app */,
				F1C2BB16287B3FEE004E6FA4 /* RestartTests.xctest */,
				F1C2BB20287B3FEE004E6FA4 /* RestartUITests.xctest */,
			);
			name = Products;
			sourceTree = "<group>";
		};
		F1C2BB08287B3FEC004E6FA4 /* Restart */ = {
			isa = PBXGroup;
			children = (
				F1C2BB09287B3FEC004E6FA4 /* RestartApp.swift */,
				F1C2BB0B287B3FEC004E6FA4 /* ContentView.swift */,
				F1C2BB0D287B3FEE004E6FA4 /* Assets.xcassets */,
				F1C2BB0F287B3FEE004E6FA4 /* Preview Content */,
			);
			path = Restart;
			sourceTree = "<group>";
		};
		F1C2BB0F287B3FEE004E6FA4 /* Preview Content */ = {
			isa = PBXGroup;
			children = (
				F1C2BB10287B3FEE004E6FA4 /* Preview Assets.xcassets */,
			);
			path = "Preview Content";
			sourceTree = "<group>";
		};
		F1C2BB19287B3FEE004E6FA4 /* RestartTests */ = {
			isa = PBXGroup;
			children = (
				F1C2BB1A287B3FEE004E6FA4 /* RestartTests.swift */,
			);
			path = RestartTests;
			sourceTree = "<group>";
		};
		F1C2BB23287B3FEE004E6FA4 /* RestartUITests */ = {
			isa = PBXGroup;
			children = (
				F1C2BB24287B3FEE004E6FA4 /* RestartUITests.swift */,
				F1C2BB26287B3FEE004E6FA4 /* RestartUITestsLaunchTests.swift */,
			);
			path = RestartUITests;
			sourceTree = "<group>";
		};
/* End PBXGroup section */

/* Begin PBXNativeTarget section */
		F1C2BB05287B3FEC004E6FA4 /* Restart */ = {
			isa = PBXNativeTarget;
			buildConfigurationList = F1C2BB2A287B3FEE004E6FA4 /* Build configuration list for PBXNativeTarget "Restart" */;
			buildPhases = (
				F1C2BB02287B3FEC004E6FA4 /* Sources */,
				F1C2BB03287B3FEC004E6FA4 /* Frameworks */,
				F1C2BB04287B3FEC004E6FA4 /* Resources */,
			);
			buildRules = (
			);
			dependencies = (
			);
			name = Restart;
			productName = Restart;
			productReference = F1C2BB06287B3FEC004E6FA4 /* Restart.app */;
			productType = "com.apple.product-type.application";
		};
		F1C2BB15287B3FEE004E6FA4 /* RestartTests */ = {
			isa = PBXNativeTarget;
			buildConfigurationList = F1C2BB2D287B3FEE004E6FA4 /* Build configuration list for PBXNativeTarget "RestartTests" */;
			buildPhases = (
				F1C2BB12287B3FEE004E6FA4 /* Sources */,
				F1C2BB13287B3FEE004E6FA4 /* Frameworks */,
				F1C2BB14287B3FEE004E6FA4 /* Resources */,
			);
			buildRules = (
			);
			dependencies = (
				F1C2BB18287B3FEE004E6FA4 /* PBXTargetDependency */,
			);
			name = RestartTests;
			productName = RestartTests;
			productReference = F1C2BB16287B3FEE004E6FA4 /* RestartTests.xctest */;
			productType = "com.apple.product-type.bundle.unit-test";
		};
		F1C2BB1F287B3FEE004E6FA4 /* RestartUITests */ = {
			isa = PBXNativeTarget;
			buildConfigurationList = F1C2BB30287B3FEE004E6FA4 /* Build configuration list for PBXNativeTarget "RestartUITests" */;
			buildPhases = (
				F1C2BB1C287B3FEE004E6FA4 /* Sources */,
				F1C2BB1D287B3FEE004E6FA4 /* Frameworks */,
				F1C2BB1E287B3FEE004E6FA4 /* Resources */,
			);
			buildRules = (
			);
			dependencies = (
				F1C2BB22287B3FEE004E6FA4 /* PBXTargetDependency */,
			);
			name = RestartUITests;
			productName = RestartUITests;
			productReference = F1C2BB20287B3FEE004E6FA4 /* RestartUITests.xctest */;
			productType = "com.apple.product-type.bundle.ui-testing";
		};
/* End PBXNativeTarget section */

/* Begin PBXProject section */
		F1C2BAFE287B3FEC004E6FA4 /* Project object */ = {
			isa = PBXProject;
			attributes = {
				BuildIndependentTargetsInParallel = 1;
				LastSwiftUpdateCheck = 1340;
				LastUpgradeCheck = 1340;
				TargetAttributes = {
					F1C2BB05287B3FEC004E6FA4 = {
						CreatedOnToolsVersion = 13.4.1;
					};
					F1C2BB15287B3FEE004E6FA4 = {
						CreatedOnToolsVersion = 13.4.1;
						TestTargetID = F1C2BB05287B3FEC004E6FA4;
					};
					F1C2BB1F287B3FEE004E6FA4 = {
						CreatedOnToolsVersion = 13.4.1;
						TestTargetID = F1C2BB05287B3FEC004E6FA4;
					};
				};
			};
			buildConfigurationList = F1C2BB01287B3FEC004E6FA4 /* Build configuration list for PBXProject "Restart" */;
			compatibilityVersion = "Xcode 13.0";
			developmentRegion = en;
			hasScannedForEncodings = 0;
			knownRegions = (
				en,
				Base,
			);
			mainGroup = F1C2BAFD287B3FEC004E6FA4;
			productRefGroup = F1C2BB07287B3FEC004E6FA4 /* Products */;
			projectDirPath = "";
			projectRoot = "";
			targets = (
				F1C2BB05287B3FEC004E6FA4 /* Restart */,
				F1C2BB15287B3FEE004E6FA4 /* RestartTests */,
				F1C2BB1F287B3FEE004E6FA4 /* RestartUITests */,
			);
		};
/* End PBXProject section */

/* Begin PBXResourcesBuildPhase section */
		F1C2BB04287B3FEC004E6FA4 /* Resources */ = {
			isa = PBXResourcesBuildPhase;
			buildActionMask = 2147483647;
			files = (
				F1C2BB11287B3FEE004E6FA4 /* Preview Assets.xcassets in Resources */,
				F1C2BB0E287B3FEE004E6FA4 /* Assets.xcassets in Resources */,
			);
			runOnlyForDeploymentPostprocessing = 0;
		};
		F1C2BB14287B3FEE004E6FA4 /* Resources */ = {
			isa = PBXResourcesBuildPhase;
			buildActionMask = 2147483647;
			files = (
			);
			runOnlyForDeploymentPostprocessing = 0;
		};
		F1C2BB1E287B3FEE004E6FA4 /* Resources */ = {
			isa = PBXResourcesBuildPhase;
			buildActionMask = 2147483647;
			files = (
			);
			runOnlyForDeploymentPostprocessing = 0;
		};
/* End PBXResourcesBuildPhase section */

/* Begin PBXSourcesBuildPhase section */
		F1C2BB02287B3FEC004E6FA4 /* Sources */ = {
			isa = PBXSourcesBuildPhase;
			buildActionMask = 2147483647;
			files = (
				F1C2BB0C287B3FEC004E6FA4 /* ContentView.swift in Sources */,
				F1C2BB0A287B3FEC004E6FA4 /* RestartApp.swift in Sources */,
			);
			runOnlyForDeploymentPostprocessing = 0;
		};
		F1C2BB12287B3FEE004E6FA4 /* Sources */ = {
			isa = PBXSourcesBuildPhase;
			buildActionMask = 2147483647;
			files = (
				F1C2BB1B287B3FEE004E6FA4 /* RestartTests.swift in Sources */,
			);
			runOnlyForDeploymentPostprocessing = 0;
		};
		F1C2BB1C287B3FEE004E6FA4 /* Sources */ = {
			isa = PBXSourcesBuildPhase;
			buildActionMask = 2147483647;
			files = (
				F1C2BB27287B3FEE004E6FA4 /* RestartUITestsLaunchTests.swift in Sources */,
				F1C2BB25287B3FEE004E6FA4 /* RestartUITests.swift in Sources */,
			);
			runOnlyForDeploymentPostprocessing = 0;
		};
/* End PBXSourcesBuildPhase section */

/* Begin PBXTargetDependency section */
		F1C2BB18287B3FEE004E6FA4 /* PBXTargetDependency */ = {
			isa = PBXTargetDependency;
			target = F1C2BB05287B3FEC004E6FA4 /* Restart */;
			targetProxy = F1C2BB17287B3FEE004E6FA4 /* PBXContainerItemProxy */;
		};
		F1C2BB22287B3FEE004E6FA4 /* PBXTargetDependency */ = {
			isa = PBXTargetDependency;
			target = F1C2BB05287B3FEC004E6FA4 /* Restart */;
			targetProxy = F1C2BB21287B3FEE004E6FA4 /* PBXContainerItemProxy */;
		};
/* End PBXTargetDependency section */

/* Begin XCBuildConfiguration section */
		F1C2BB28287B3FEE004E6FA4 /* Debug */ = {
			isa = XCBuildConfiguration;
			buildSettings = {
				ALWAYS_SEARCH_USER_PATHS = NO;
				CLANG_ANALYZER_NONNULL = YES;
				CLANG_ANALYZER_NUMBER_OBJECT_CONVERSION = YES_AGGRESSIVE;
				CLANG_CXX_LANGUAGE_STANDARD = "gnu++17";
				CLANG_ENABLE_MODULES = YES;
				CLANG_ENABLE_OBJC_ARC = YES;
				CLANG_ENABLE_OBJC_WEAK = YES;
				CLANG_WARN_BLOCK_CAPTURE_AUTORELEASING = YES;
				CLANG_WARN_BOOL_CONVERSION = YES;
				CLANG_WARN_COMMA = YES;
				CLANG_WARN_CONSTANT_CONVERSION = YES;
				CLANG_WARN_DEPRECATED_OBJC_IMPLEMENTATIONS = YES;
				CLANG_WARN_DIRECT_OBJC_ISA_USAGE = YES_ERROR;
				CLANG_WARN_DOCUMENTATION_COMMENTS = YES;
				CLANG_WARN_EMPTY_BODY = YES;
				CLANG_WARN_ENUM_CONVERSION = YES;
				CLANG_WARN_INFINITE_RECURSION = YES;
				CLANG_WARN_INT_CONVERSION = YES;
				CLANG_WARN_NON_LITERAL_NULL_CONVERSION = YES;
				CLANG_WARN_OBJC_IMPLICIT_RETAIN_SELF = YES;
				CLANG_WARN_OBJC_LITERAL_CONVERSION = YES;
				CLANG_WARN_OBJC_ROOT_CLASS = YES_ERROR;
				CLANG_WARN_QUOTED_INCLUDE_IN_FRAMEWORK_HEADER = YES;
				CLANG_WARN_RANGE_LOOP_ANALYSIS = YES;
				CLANG_WARN_STRICT_PROTOTYPES = YES;
				CLANG_WARN_SUSPICIOUS_MOVE = YES;
				CLANG_WARN_UNGUARDED_AVAILABILITY = YES_AGGRESSIVE;
				CLANG_WARN_UNREACHABLE_CODE = YES;
				CLANG_WARN__DUPLICATE_METHOD_MATCH = YES;
				COPY_PHASE_STRIP = NO;
				DEBUG_INFORMATION_FORMAT = dwarf;
				ENABLE_STRICT_OBJC_MSGSEND = YES;
				ENABLE_TESTABILITY = YES;
				GCC_C_LANGUAGE_STANDARD = gnu11;
				GCC_DYNAMIC_NO_PIC = NO;
				GCC_NO_COMMON_BLOCKS = YES;
				GCC_OPTIMIZATION_LEVEL = 0;
				GCC_PREPROCESSOR_DEFINITIONS = (
					"DEBUG=1",
					"$(inherited)",
				);
				GCC_WARN_64_TO_32_BIT_CONVERSION = YES;
				GCC_WARN_ABOUT_RETURN_TYPE = YES_ERROR;
				GCC_WARN_UNDECLARED_SELECTOR = YES;
				GCC_WARN_UNINITIALIZED_AUTOS = YES_AGGRESSIVE;
				GCC_WARN_UNUSED_FUNCTION = YES;
				GCC_WARN_UNUSED_VARIABLE = YES;
				IPHONEOS_DEPLOYMENT_TARGET = 15.5;
				MTL_ENABLE_DEBUG_INFO = INCLUDE_SOURCE;
				MTL_FAST_MATH = YES;
				ONLY_ACTIVE_ARCH = YES;
				SDKROOT = iphoneos;
				SWIFT_ACTIVE_COMPILATION_CONDITIONS = DEBUG;
				SWIFT_OPTIMIZATION_LEVEL = "-Onone";
			};
			name = Debug;
		};
		F1C2BB29287B3FEE004E6FA4 /* Release */ = {
			isa = XCBuildConfiguration;
			buildSettings = {
				ALWAYS_SEARCH_USER_PATHS = NO;
				CLANG_ANALYZER_NONNULL = YES;
				CLANG_ANALYZER_NUMBER_OBJECT_CONVERSION = YES_AGGRESSIVE;
				CLANG_CXX_LANGUAGE_STANDARD = "gnu++17";
				CLANG_ENABLE_MODULES = YES;
				CLANG_ENABLE_OBJC_ARC = YES;
				CLANG_ENABLE_OBJC_WEAK = YES;
				CLANG_WARN_BLOCK_CAPTURE_AUTORELEASING = YES;
				CLANG_WARN_BOOL_CONVERSION = YES;
				CLANG_WARN_COMMA = YES;
				CLANG_WARN_CONSTANT_CONVERSION = YES;
				CLANG_WARN_DEPRECATED_OBJC_IMPLEMENTATIONS = YES;
				CLANG_WARN_DIRECT_OBJC_ISA_USAGE = YES_ERROR;
				CLANG_WARN_DOCUMENTATION_COMMENTS = YES;
				CLANG_WARN_EMPTY_BODY = YES;
				CLANG_WARN_ENUM_CONVERSION = YES;
				CLANG_WARN_INFINITE_RECURSION = YES;
				CLANG_WARN_INT_CONVERSION = YES;
				CLANG_WARN_NON_LITERAL_NULL_CONVERSION = YES;
				CLANG_WARN_OBJC_IMPLICIT_RETAIN_SELF = YES;
				CLANG_WARN_OBJC_LITERAL_CONVERSION = YES;
				CLANG_WARN_OBJC_ROOT_CLASS = YES_ERROR;
				CLANG_WARN_QUOTED_INCLUDE_IN_FRAMEWORK_HEADER = YES;
				CLANG_WARN_RANGE_LOOP_ANALYSIS = YES;
				CLANG_WARN_STRICT_PROTOTYPES = YES;
				CLANG_WARN_SUSPICIOUS_MOVE = YES;
				CLANG_WARN_UNGUARDED_AVAILABILITY = YES_AGGRESSIVE;
				CLANG_WARN_UNREACHABLE_CODE = YES;
				CLANG_WARN__DUPLICATE_METHOD_MATCH = YES;
				COPY_PHASE_STRIP = NO;
				DEBUG_INFORMATION_FORMAT = "dwarf-with-dsym";
				ENABLE_NS_ASSERTIONS = NO;
				ENABLE_STRICT_OBJC_MSGSEND = YES;
				GCC_C_LANGUAGE_STANDARD = gnu11;
				GCC_NO_COMMON_BLOCKS = YES;
				GCC_WARN_64_TO_32_BIT_CONVERSION = YES;
				GCC_WARN_ABOUT_RETURN_TYPE = YES_ERROR;
				GCC_WARN_UNDECLARED_SELECTOR = YES;
				GCC_WARN_UNINITIALIZED_AUTOS = YES_AGGRESSIVE;
				GCC_WARN_UNUSED_FUNCTION = YES;
				GCC_WARN_UNUSED_VARIABLE = YES;
				IPHONEOS_DEPLOYMENT_TARGET = 15.5;
				MTL_ENABLE_DEBUG_INFO = NO;
				MTL_FAST_MATH = YES;
				SDKROOT = iphoneos;
				SWIFT_COMPILATION_MODE = wholemodule;
				SWIFT_OPTIMIZATION_LEVEL = "-O";
				VALIDATE_PRODUCT = YES;
			};
			name = Release;
		};
		F1C2BB2B287B3FEE004E6FA4 /* Debug */ = {
			isa = XCBuildConfiguration;
			buildSettings = {
				ASSETCATALOG_COMPILER_APPICON_NAME = AppIcon;
				ASSETCATALOG_COMPILER_GLOBAL_ACCENT_COLOR_NAME = AccentColor;
				CODE_SIGN_STYLE = Automatic;
				CURRENT_PROJECT_VERSION = 1;
				DEVELOPMENT_ASSET_PATHS = "\"Restart/Preview Content\"";
				DEVELOPMENT_TEAM = WP84YCCZ8G;
				ENABLE_PREVIEWS = YES;
				GENERATE_INFOPLIST_FILE = YES;
				INFOPLIST_KEY_UIApplicationSceneManifest_Generation = YES;
				INFOPLIST_KEY_UIApplicationSupportsIndirectInputEvents = YES;
				INFOPLIST_KEY_UILaunchScreen_Generation = YES;
				INFOPLIST_KEY_UISupportedInterfaceOrientations_iPad = "UIInterfaceOrientationPortrait UIInterfaceOrientationPortraitUpsideDown UIInterfaceOrientationLandscapeLeft UIInterfaceOrientationLandscapeRight";
				INFOPLIST_KEY_UISupportedInterfaceOrientations_iPhone = "UIInterfaceOrientationPortrait UIInterfaceOrientationLandscapeLeft UIInterfaceOrientationLandscapeRight";
				LD_RUNPATH_SEARCH_PATHS = (
					"$(inherited)",
					"@executable_path/Frameworks",
				);
				MARKETING_VERSION = 1.0;
				PRODUCT_BUNDLE_IDENTIFIER = com.danielmori.Restart;
				PRODUCT_NAME = "$(TARGET_NAME)";
				SWIFT_EMIT_LOC_STRINGS = YES;
				SWIFT_VERSION = 5.0;
				TARGETED_DEVICE_FAMILY = "1,2";
			};
			name = Debug;
		};
		F1C2BB2C287B3FEE004E6FA4 /* Release */ = {
			isa = XCBuildConfiguration;
			buildSettings = {
				ASSETCATALOG_COMPILER_APPICON_NAME = AppIcon;
				ASSETCATALOG_COMPILER_GLOBAL_ACCENT_COLOR_NAME = AccentColor;
				CODE_SIGN_STYLE = Automatic;
				CURRENT_PROJECT_VERSION = 1;
				DEVELOPMENT_ASSET_PATHS = "\"Restart/Preview Content\"";
				DEVELOPMENT_TEAM = WP84YCCZ8G;
				ENABLE_PREVIEWS = YES;
				GENERATE_INFOPLIST_FILE = YES;
				INFOPLIST_KEY_UIApplicationSceneManifest_Generation = YES;
				INFOPLIST_KEY_UIApplicationSupportsIndirectInputEvents = YES;
				INFOPLIST_KEY_UILaunchScreen_Generation = YES;
				INFOPLIST_KEY_UISupportedInterfaceOrientations_iPad = "UIInterfaceOrientationPortrait UIInterfaceOrientationPortraitUpsideDown UIInterfaceOrientationLandscapeLeft UIInterfaceOrientationLandscapeRight";
				INFOPLIST_KEY_UISupportedInterfaceOrientations_iPhone = "UIInterfaceOrientationPortrait UIInterfaceOrientationLandscapeLeft UIInterfaceOrientationLandscapeRight";
				LD_RUNPATH_SEARCH_PATHS = (
					"$(inherited)",
					"@executable_path/Frameworks",
				);
				MARKETING_VERSION = 1.0;
				PRODUCT_BUNDLE_IDENTIFIER = com.danielmori.Restart;
				PRODUCT_NAME = "$(TARGET_NAME)";
				SWIFT_EMIT_LOC_STRINGS = YES;
				SWIFT_VERSION = 5.0;
				TARGETED_DEVICE_FAMILY = "1,2";
			};
			name = Release;
		};
		F1C2BB2E287B3FEE004E6FA4 /* Debug */ = {
			isa = XCBuildConfiguration;
			buildSettings = {
				ALWAYS_EMBED_SWIFT_STANDARD_LIBRARIES = YES;
				BUNDLE_LOADER = "$(TEST_HOST)";
				CODE_SIGN_STYLE = Automatic;
				CURRENT_PROJECT_VERSION = 1;
				DEVELOPMENT_TEAM = WP84YCCZ8G;
				GENERATE_INFOPLIST_FILE = YES;
				IPHONEOS_DEPLOYMENT_TARGET = 15.5;
				MARKETING_VERSION = 1.0;
				PRODUCT_BUNDLE_IDENTIFIER = com.danielmori.RestartTests;
				PRODUCT_NAME = "$(TARGET_NAME)";
				SWIFT_EMIT_LOC_STRINGS = NO;
				SWIFT_VERSION = 5.0;
				TARGETED_DEVICE_FAMILY = "1,2";
				TEST_HOST = "$(BUILT_PRODUCTS_DIR)/Restart.app/Restart";
			};
			name = Debug;
		};
		F1C2BB2F287B3FEE004E6FA4 /* Release */ = {
			isa = XCBuildConfiguration;
			buildSettings = {
				ALWAYS_EMBED_SWIFT_STANDARD_LIBRARIES = YES;
				BUNDLE_LOADER = "$(TEST_HOST)";
				CODE_SIGN_STYLE = Automatic;
				CURRENT_PROJECT_VERSION = 1;
				DEVELOPMENT_TEAM = WP84YCCZ8G;
				GENERATE_INFOPLIST_FILE = YES;
				IPHONEOS_DEPLOYMENT_TARGET = 15.5;
				MARKETING_VERSION = 1.0;
				PRODUCT_BUNDLE_IDENTIFIER = com.danielmori.RestartTests;
				PRODUCT_NAME = "$(TARGET_NAME)";
				SWIFT_EMIT_LOC_STRINGS = NO;
				SWIFT_VERSION = 5.0;
				TARGETED_DEVICE_FAMILY = "1,2";
				TEST_HOST = "$(BUILT_PRODUCTS_DIR)/Restart.app/Restart";
			};
			name = Release;
		};
		F1C2BB31287B3FEE004E6FA4 /* Debug */ = {
			isa = XCBuildConfiguration;
			buildSettings = {
				ALWAYS_EMBED_SWIFT_STANDARD_LIBRARIES = YES;
				CODE_SIGN_STYLE = Automatic;
				CURRENT_PROJECT_VERSION = 1;
				DEVELOPMENT_TEAM = WP84YCCZ8G;
				GENERATE_INFOPLIST_FILE = YES;
				MARKETING_VERSION = 1.0;
				PRODUCT_BUNDLE_IDENTIFIER = com.danielmori.RestartUITests;
				PRODUCT_NAME = "$(TARGET_NAME)";
				SWIFT_EMIT_LOC_STRINGS = NO;
				SWIFT_VERSION = 5.0;
				TARGETED_DEVICE_FAMILY = "1,2";
				TEST_TARGET_NAME = Restart;
			};
			name = Debug;
		};
		F1C2BB32287B3FEE004E6FA4 /* Release */ = {
			isa = XCBuildConfiguration;
			buildSettings = {
				ALWAYS_EMBED_SWIFT_STANDARD_LIBRARIES = YES;
				CODE_SIGN_STYLE = Automatic;
				CURRENT_PROJECT_VERSION = 1;
				DEVELOPMENT_TEAM = WP84YCCZ8G;
				GENERATE_INFOPLIST_FILE = YES;
				MARKETING_VERSION = 1.0;
				PRODUCT_BUNDLE_IDENTIFIER = com.danielmori.RestartUITests;
				PRODUCT_NAME = "$(TARGET_NAME)";
				SWIFT_EMIT_LOC_STRINGS = NO;
				SWIFT_VERSION = 5.0;
				TARGETED_DEVICE_FAMILY = "1,2";
				TEST_TARGET_NAME = Restart;
			};
			name = Release;
		};
/* End XCBuildConfiguration section */

/* Begin XCConfigurationList section */
		F1C2BB01287B3FEC004E6FA4 /* Build configuration list for PBXProject "Restart" */ = {
			isa = XCConfigurationList;
			buildConfigurations = (
				F1C2BB28287B3FEE004E6FA4 /* Debug */,
				F1C2BB29287B3FEE004E6FA4 /* Release */,
			);
			defaultConfigurationIsVisible = 0;
			defaultConfigurationName = Release;
		};
		F1C2BB2A287B3FEE004E6FA4 /* Build configuration list for PBXNativeTarget "Restart" */ = {
			isa = XCConfigurationList;
			buildConfigurations = (
				F1C2BB2B287B3FEE004E6FA4 /* Debug */,
				F1C2BB2C287B3FEE004E6FA4 /* Release */,
			);
			defaultConfigurationIsVisible = 0;
			defaultConfigurationName = Release;
		};
		F1C2BB2D287B3FEE004E6FA4 /* Build configuration list for PBXNativeTarget "RestartTests" */ = {
			isa = XCConfigurationList;
			buildConfigurations = (
				F1C2BB2E287B3FEE004E6FA4 /* Debug */,
				F1C2BB2F287B3FEE004E6FA4 /* Release */,
			);
			defaultConfigurationIsVisible = 0;
			defaultConfigurationName = Release;
		};
		F1C2BB30287B3FEE004E6FA4 /* Build configuration list for PBXNativeTarget "RestartUITests" */ = {
			isa = XCConfigurationList;
			buildConfigurations = (
				F1C2BB31287B3FEE004E6FA4 /* Debug */,
				F1C2BB32287B3FEE004E6FA4 /* Release */,
			);
			defaultConfigurationIsVisible = 0;
			defaultConfigurationName = Release;
		};
/* End XCConfigurationList section */
	};
	rootObject = F1C2BAFE287B3FEC004E6FA4 /* Project object */;
}
